
Microsoft Visual Studio Solution File, Format Version 12.00
# Visual Studio Version 17
VisualStudioVersion = 17.10.35122.118
MinimumVisualStudioVersion = 10.0.40219.1
Project("{8BC9CEB8-8B4A-11D0-8D11-00A0C91BC942}") = "Lesson14", "Lesson14\Lesson14.vcxproj", "{995508D7-8DAB-4D37-884A-0CEE72D18EFE}"
EndProject
Project("{8BC9CEB8-8B4A-11D0-8D11-00A0C91BC942}") = "Lesson14_Ex2", "Lesson14_Ex2\Lesson14_Ex2.vcxproj", "{3E799331-5A9B-4C88-B717-9240FFB5945F}"
EndProject
Global
	GlobalSection(SolutionConfigurationPlatforms) = preSolution
		Debug|x64 = Debug|x64
		Debug|x86 = Debug|x86
		Release|x64 = Release|x64
		Release|x86 = Release|x86
	EndGlobalSection
	GlobalSection(ProjectConfigurationPlatforms) = postSolution
		{995508D7-8DAB-4D37-884A-0CEE72D18EFE}.Debug|x64.ActiveCfg = Debug|x64
		{995508D7-8DAB-4D37-884A-0CEE72D18EFE}.Debug|x64.Build.0 = Debug|x64
		{995508D7-8DAB-4D37-884A-0CEE72D18EFE}.Debug|x86.ActiveCfg = Debug|Win32
		{995508D7-8DAB-4D37-884A-0CEE72D18EFE}.Debug|x86.Build.0 = Debug|Win32
		{995508D7-8DAB-4D37-884A-0CEE72D18EFE}.Release|x64.ActiveCfg = Release|x64
		{995508D7-8DAB-4D37-884A-0CEE72D18EFE}.Release|x64.Build.0 = Release|x64
		{995508D7-8DAB-4D37-884A-0CEE72D18EFE}.Release|x86.ActiveCfg = Release|Win32
		{995508D7-8DAB-4D37-884A-0CEE72D18EFE}.Release|x86.Build.0 = Release|Win32
		{3E799331-5A9B-4C88-B717-9240FFB5945F}.Debug|x64.ActiveCfg = Debug|x64
		{3E799331-5A9B-4C88-B717-9240FFB5945F}.Debug|x64.Build.0 = Debug|x64
		{3E799331-5A9B-4C88-B717-9240FFB5945F}.Debug|x86.ActiveCfg = Debug|Win32
		{3E799331-5A9B-4C88-B717-9240FFB5945F}.Debug|x86.Build.0 = Debug|Win32
		{3E799331-5A9B-4C88-B717-9240FFB5945F}.Release|x64.ActiveCfg = Release|x64
		{3E799331-5A9B-4C88-B717-9240FFB5945F}.Release|x64.Build.0 = Release|x64
		{3E799331-5A9B-4C88-B717-9240FFB5945F}.Release|x86.ActiveCfg = Release|Win32
		{3E799331-5A9B-4C88-B717-9240FFB5945F}.Release|x86.Build.0 = Release|Win32
	EndGlobalSection
	GlobalSection(SolutionProperties) = preSolution
		HideSolutionNode = FALSE
	EndGlobalSection
	GlobalSection(ExtensibilityGlobals) = postSolution
		SolutionGuid = {081398FB-BC87-4280-B722-EAC6F1AF67AB}
	EndGlobalSection
EndGlobal
